
Microsoft Visual Studio Solution File, Format Version 10.00
# Visual Studio 2008
Project("{8BC9CEB8-8B4A-11D0-8D11-00A0C91BC942}") = "NetProtector", "NetProtector\NetProtector.vcproj", "{520DEAE9-3EB0-4AC0-AC41-930F8087CD44}"
EndProject
Project("{8BC9CEB8-8B4A-11D0-8D11-00A0C91BC942}") = "NetProtectorLsp", "NetProtectorLsp\NetProtectorLsp.vcproj", "{3B57D39D-72C6-426B-A013-9553153A7A88}"
EndProject
Project("{54435603-DBB4-11D2-8724-00A0C9A8B90C}") = "NetProtector Setup", "NetProtector Setup\NetProtector Setup.vdproj", "{3D8780ED-9A3A-45CE-BEF1-D650CD8F8A99}"
	ProjectSection(ProjectDependencies) = postProject
		{90101005-B48E-45EA-88EA-F98757ADB893} = {90101005-B48E-45EA-88EA-F98757ADB893}
		{3B57D39D-72C6-426B-A013-9553153A7A88} = {3B57D39D-72C6-426B-A013-9553153A7A88}
		{520DEAE9-3EB0-4AC0-AC41-930F8087CD44} = {520DEAE9-3EB0-4AC0-AC41-930F8087CD44}
	EndProjectSection
EndProject
Project("{8BC9CEB8-8B4A-11D0-8D11-00A0C91BC942}") = "Setup CustomAction", "Setup CustomAction\Setup CustomAction.vcproj", "{90101005-B48E-45EA-88EA-F98757ADB893}"
	ProjectSection(ProjectDependencies) = postProject
		{3B57D39D-72C6-426B-A013-9553153A7A88} = {3B57D39D-72C6-426B-A013-9553153A7A88}
	EndProjectSection
EndProject
Project("{2150E333-8FDC-42A3-9474-1A3956D46DE8}") = "Net Protector Setup", "Net Protector Setup", "{894E5D46-D214-407F-A9DE-FC96129324CD}"
EndProject
Project("{2150E333-8FDC-42A3-9474-1A3956D46DE8}") = "Net Protector", "Net Protector", "{62B61D35-6A45-4670-B79D-CA89EF92FE17}"
EndProject
Project("{8BC9CEB8-8B4A-11D0-8D11-00A0C91BC942}") = "NetProtectorHookDriver.WXP", "NetProtectorHookDriver\NetProtectorHookDriver.WXP.vcproj", "{E87EA815-23A1-42D7-A411-C7DC77483DD2}"
EndProject
Global
	GlobalSection(SolutionConfigurationPlatforms) = preSolution
		Debug|Win32 = Debug|Win32
		Release|Win32 = Release|Win32
		WXP checked|Win32 = WXP checked|Win32
		WXP free|Win32 = WXP free|Win32
		WXP2K checked|Win32 = WXP2K checked|Win32
		WXP2K free|Win32 = WXP2K free|Win32
	EndGlobalSection
	GlobalSection(ProjectConfigurationPlatforms) = postSolution
		{520DEAE9-3EB0-4AC0-AC41-930F8087CD44}.Debug|Win32.ActiveCfg = Debug|Win32
		{520DEAE9-3EB0-4AC0-AC41-930F8087CD44}.Debug|Win32.Build.0 = Debug|Win32
		{520DEAE9-3EB0-4AC0-AC41-930F8087CD44}.Release|Win32.ActiveCfg = Release|Win32
		{520DEAE9-3EB0-4AC0-AC41-930F8087CD44}.Release|Win32.Build.0 = Release|Win32
		{520DEAE9-3EB0-4AC0-AC41-930F8087CD44}.WXP checked|Win32.ActiveCfg = Release|Win32
		{520DEAE9-3EB0-4AC0-AC41-930F8087CD44}.WXP checked|Win32.Build.0 = Release|Win32
		{520DEAE9-3EB0-4AC0-AC41-930F8087CD44}.WXP free|Win32.ActiveCfg = Release|Win32
		{520DEAE9-3EB0-4AC0-AC41-930F8087CD44}.WXP free|Win32.Build.0 = Release|Win32
		{520DEAE9-3EB0-4AC0-AC41-930F8087CD44}.WXP2K checked|Win32.ActiveCfg = Release|Win32
		{520DEAE9-3EB0-4AC0-AC41-930F8087CD44}.WXP2K checked|Win32.Build.0 = Release|Win32
		{520DEAE9-3EB0-4AC0-AC41-930F8087CD44}.WXP2K free|Win32.ActiveCfg = Release|Win32
		{520DEAE9-3EB0-4AC0-AC41-930F8087CD44}.WXP2K free|Win32.Build.0 = Release|Win32
		{3B57D39D-72C6-426B-A013-9553153A7A88}.Debug|Win32.ActiveCfg = Debug|Win32
		{3B57D39D-72C6-426B-A013-9553153A7A88}.Release|Win32.ActiveCfg = Release|Win32
		{3B57D39D-72C6-426B-A013-9553153A7A88}.WXP checked|Win32.ActiveCfg = Release|Win32
		{3B57D39D-72C6-426B-A013-9553153A7A88}.WXP checked|Win32.Build.0 = Release|Win32
		{3B57D39D-72C6-426B-A013-9553153A7A88}.WXP free|Win32.ActiveCfg = Release|Win32
		{3B57D39D-72C6-426B-A013-9553153A7A88}.WXP2K checked|Win32.ActiveCfg = Release|Win32
		{3B57D39D-72C6-426B-A013-9553153A7A88}.WXP2K checked|Win32.Build.0 = Release|Win32
		{3B57D39D-72C6-426B-A013-9553153A7A88}.WXP2K free|Win32.ActiveCfg = Release|Win32
		{3B57D39D-72C6-426B-A013-9553153A7A88}.WXP2K free|Win32.Build.0 = Release|Win32
		{3D8780ED-9A3A-45CE-BEF1-D650CD8F8A99}.Debug|Win32.ActiveCfg = Debug
		{3D8780ED-9A3A-45CE-BEF1-D650CD8F8A99}.Release|Win32.ActiveCfg = Release
		{3D8780ED-9A3A-45CE-BEF1-D650CD8F8A99}.WXP checked|Win32.ActiveCfg = Release
		{3D8780ED-9A3A-45CE-BEF1-D650CD8F8A99}.WXP checked|Win32.Build.0 = Release
		{3D8780ED-9A3A-45CE-BEF1-D650CD8F8A99}.WXP free|Win32.ActiveCfg = Release
		{3D8780ED-9A3A-45CE-BEF1-D650CD8F8A99}.WXP2K checked|Win32.ActiveCfg = Release
		{3D8780ED-9A3A-45CE-BEF1-D650CD8F8A99}.WXP2K checked|Win32.Build.0 = Release
		{3D8780ED-9A3A-45CE-BEF1-D650CD8F8A99}.WXP2K free|Win32.ActiveCfg = Release
		{3D8780ED-9A3A-45CE-BEF1-D650CD8F8A99}.WXP2K free|Win32.Build.0 = Release
		{90101005-B48E-45EA-88EA-F98757ADB893}.Debug|Win32.ActiveCfg = Debug|Win32
		{90101005-B48E-45EA-88EA-F98757ADB893}.Release|Win32.ActiveCfg = Release|Win32
		{90101005-B48E-45EA-88EA-F98757ADB893}.WXP checked|Win32.ActiveCfg = Release|Win32
		{90101005-B48E-45EA-88EA-F98757ADB893}.WXP checked|Win32.Build.0 = Release|Win32
		{90101005-B48E-45EA-88EA-F98757ADB893}.WXP free|Win32.ActiveCfg = Release|Win32
		{90101005-B48E-45EA-88EA-F98757ADB893}.WXP2K checked|Win32.ActiveCfg = Release|Win32
		{90101005-B48E-45EA-88EA-F98757ADB893}.WXP2K checked|Win32.Build.0 = Release|Win32
		{90101005-B48E-45EA-88EA-F98757ADB893}.WXP2K free|Win32.ActiveCfg = Release|Win32
		{90101005-B48E-45EA-88EA-F98757ADB893}.WXP2K free|Win32.Build.0 = Release|Win32
		{E87EA815-23A1-42D7-A411-C7DC77483DD2}.Debug|Win32.ActiveCfg = WXP2K checked|Win32
		{E87EA815-23A1-42D7-A411-C7DC77483DD2}.Debug|Win32.Build.0 = WXP2K checked|Win32
		{E87EA815-23A1-42D7-A411-C7DC77483DD2}.Release|Win32.ActiveCfg = WXP2K checked|Win32
		{E87EA815-23A1-42D7-A411-C7DC77483DD2}.Release|Win32.Build.0 = WXP2K checked|Win32
		{E87EA815-23A1-42D7-A411-C7DC77483DD2}.WXP checked|Win32.ActiveCfg = WXP checked|Win32
		{E87EA815-23A1-42D7-A411-C7DC77483DD2}.WXP checked|Win32.Build.0 = WXP checked|Win32
		{E87EA815-23A1-42D7-A411-C7DC77483DD2}.WXP free|Win32.ActiveCfg = WXP free|Win32
		{E87EA815-23A1-42D7-A411-C7DC77483DD2}.WXP2K checked|Win32.ActiveCfg = WXP2K checked|Win32
		{E87EA815-23A1-42D7-A411-C7DC77483DD2}.WXP2K checked|Win32.Build.0 = WXP2K checked|Win32
		{E87EA815-23A1-42D7-A411-C7DC77483DD2}.WXP2K free|Win32.ActiveCfg = WXP2K free|Win32
		{E87EA815-23A1-42D7-A411-C7DC77483DD2}.WXP2K free|Win32.Build.0 = WXP2K free|Win32
	EndGlobalSection
	GlobalSection(SolutionProperties) = preSolution
		HideSolutionNode = FALSE
	EndGlobalSection
	GlobalSection(NestedProjects) = preSolution
		{3B57D39D-72C6-426B-A013-9553153A7A88} = {62B61D35-6A45-4670-B79D-CA89EF92FE17}
		{520DEAE9-3EB0-4AC0-AC41-930F8087CD44} = {62B61D35-6A45-4670-B79D-CA89EF92FE17}
		{E87EA815-23A1-42D7-A411-C7DC77483DD2} = {62B61D35-6A45-4670-B79D-CA89EF92FE17}
		{90101005-B48E-45EA-88EA-F98757ADB893} = {894E5D46-D214-407F-A9DE-FC96129324CD}
		{3D8780ED-9A3A-45CE-BEF1-D650CD8F8A99} = {894E5D46-D214-407F-A9DE-FC96129324CD}
	EndGlobalSection
EndGlobal
