
Microsoft Visual Studio Solution File, Format Version 9.00
# Visual Studio 2005
Project("{FAE04EC0-301F-11D3-BF4B-00C04F79EFBC}") = "MapEditor2", "WindowsApplication1\MapEditor2.csproj", "{E52D7438-4F2C-4177-83A2-2E92CB3C6751}"
EndProject
Global
	GlobalSection(SolutionConfigurationPlatforms) = preSolution
		Debug|Any CPU = Debug|Any CPU
		Release|Any CPU = Release|Any CPU
	EndGlobalSection
	GlobalSection(ProjectConfigurationPlatforms) = postSolution
		{E52D7438-4F2C-4177-83A2-2E92CB3C6751}.Debug|Any CPU.ActiveCfg = Debug|Any CPU
		{E52D7438-4F2C-4177-83A2-2E92CB3C6751}.Debug|Any CPU.Build.0 = Debug|Any CPU
		{E52D7438-4F2C-4177-83A2-2E92CB3C6751}.Release|Any CPU.ActiveCfg = Release|Any CPU
		{E52D7438-4F2C-4177-83A2-2E92CB3C6751}.Release|Any CPU.Build.0 = Release|Any CPU
	EndGlobalSection
	GlobalSection(SolutionProperties) = preSolution
		HideSolutionNode = FALSE
	EndGlobalSection
EndGlobal
